// !$*UTF8*$!
{
	archiveVersion = 1;
	classes = {
	};
	objectVersion = 50;
	objects = {

/* Begin PBXBuildFile section */
		3F499A98209A1A75005651D2 /* Sound.wav in Resources */ = {isa = PBXBuildFile; fileRef = 3F499A97209A1A75005651D2 /* Sound.wav */; };
		3F49FAD6209CBE3000AE6DD8 /* SoundPlayer.swift in Sources */ = {isa = PBXBuildFile; fileRef = 3F49FAD5209CBE3000AE6DD8 /* SoundPlayer.swift */; };
		3F49FADA209CC12500AE6DD8 /* BackgroundMusic.mp3 in Resources */ = {isa = PBXBuildFile; fileRef = 3F49FAD9209CC12500AE6DD8 /* BackgroundMusic.mp3 */; };
		6786241F20913BCC00459FBE /* AppDelegate.swift in Sources */ = {isa = PBXBuildFile; fileRef = 6786241E20913BCC00459FBE /* AppDelegate.swift */; };
		6786242320913BCC00459FBE /* Actions.sks in Resources */ = {isa = PBXBuildFile; fileRef = 6786242220913BCC00459FBE /* Actions.sks */; };
		6786242720913BCC00459FBE /* GameViewController.swift in Sources */ = {isa = PBXBuildFile; fileRef = 6786242620913BCC00459FBE /* GameViewController.swift */; };
		6786242A20913BCC00459FBE /* Main.storyboard in Resources */ = {isa = PBXBuildFile; fileRef = 6786242820913BCC00459FBE /* Main.storyboard */; };
		6786242C20913BCF00459FBE /* Assets.xcassets in Resources */ = {isa = PBXBuildFile; fileRef = 6786242B20913BCF00459FBE /* Assets.xcassets */; };
		6786242F20913BCF00459FBE /* LaunchScreen.storyboard in Resources */ = {isa = PBXBuildFile; fileRef = 6786242D20913BCF00459FBE /* LaunchScreen.storyboard */; };
		6786243820917D7700459FBE /* MainMenu.sks in Resources */ = {isa = PBXBuildFile; fileRef = 6786243720917D7700459FBE /* MainMenu.sks */; };
		6786243C20917E1200459FBE /* MainMenuScene.swift in Sources */ = {isa = PBXBuildFile; fileRef = 6786243B20917E1200459FBE /* MainMenuScene.swift */; };
		6786243E20917F3100459FBE /* GameplayScene.sks in Resources */ = {isa = PBXBuildFile; fileRef = 6786243D20917F3100459FBE /* GameplayScene.sks */; };
		6786244020917F8500459FBE /* GameplaySceneClass.swift in Sources */ = {isa = PBXBuildFile; fileRef = 6786243F20917F8500459FBE /* GameplaySceneClass.swift */; };
		67C5207620960A01007A9D77 /* DirectionsScene.sks in Resources */ = {isa = PBXBuildFile; fileRef = 67C5207520960A01007A9D77 /* DirectionsScene.sks */; };
		67C52078209680A0007A9D77 /* DirectionsFile.swift in Sources */ = {isa = PBXBuildFile; fileRef = 67C52077209680A0007A9D77 /* DirectionsFile.swift */; };
/* End PBXBuildFile section */

/* Begin PBXFileReference section */
		3F499A97209A1A75005651D2 /* Sound.wav */ = {isa = PBXFileReference; lastKnownFileType = audio.wav; path = Sound.wav; sourceTree = "<group>"; };
		3F49FAD5209CBE3000AE6DD8 /* SoundPlayer.swift */ = {isa = PBXFileReference; lastKnownFileType = sourcecode.swift; path = SoundPlayer.swift; sourceTree = "<group>"; };
		3F49FAD9209CC12500AE6DD8 /* BackgroundMusic.mp3 */ = {isa = PBXFileReference; lastKnownFileType = audio.mp3; name = BackgroundMusic.mp3; path = ../../../Desktop/BackgroundMusic.mp3; sourceTree = "<group>"; };
		3F49FADB209CC17E00AE6DD8 /* BackgroundMusic.mp3 */ = {isa = PBXFileReference; lastKnownFileType = audio.mp3; path = BackgroundMusic.mp3; sourceTree = "<group>"; };
		6786241B20913BCC00459FBE /* BreakerFinal.app */ = {isa = PBXFileReference; explicitFileType = wrapper.application; includeInIndex = 0; path = BreakerFinal.app; sourceTree = BUILT_PRODUCTS_DIR; };
		6786241E20913BCC00459FBE /* AppDelegate.swift */ = {isa = PBXFileReference; lastKnownFileType = sourcecode.swift; path = AppDelegate.swift; sourceTree = "<group>"; };
		6786242220913BCC00459FBE /* Actions.sks */ = {isa = PBXFileReference; lastKnownFileType = file.sks; path = Actions.sks; sourceTree = "<group>"; };
		6786242620913BCC00459FBE /* GameViewController.swift */ = {isa = PBXFileReference; lastKnownFileType = sourcecode.swift; path = GameViewController.swift; sourceTree = "<group>"; };
		6786242920913BCC00459FBE /* Base */ = {isa = PBXFileReference; lastKnownFileType = file.storyboard; name = Base; path = Base.lproj/Main.storyboard; sourceTree = "<group>"; };
		6786242B20913BCF00459FBE /* Assets.xcassets */ = {isa = PBXFileReference; lastKnownFileType = folder.assetcatalog; path = Assets.xcassets; sourceTree = "<group>"; };
		6786242E20913BCF00459FBE /* Base */ = {isa = PBXFileReference; lastKnownFileType = file.storyboard; name = Base; path = Base.lproj/LaunchScreen.storyboard; sourceTree = "<group>"; };
		6786243020913BCF00459FBE /* Info.plist */ = {isa = PBXFileReference; lastKnownFileType = text.plist.xml; path = Info.plist; sourceTree = "<group>"; };
		6786243720917D7700459FBE /* MainMenu.sks */ = {isa = PBXFileReference; lastKnownFileType = file.sks; path = MainMenu.sks; sourceTree = "<group>"; };
		6786243B20917E1200459FBE /* MainMenuScene.swift */ = {isa = PBXFileReference; lastKnownFileType = sourcecode.swift; path = MainMenuScene.swift; sourceTree = "<group>"; };
		6786243D20917F3100459FBE /* GameplayScene.sks */ = {isa = PBXFileReference; lastKnownFileType = file.sks; path = GameplayScene.sks; sourceTree = "<group>"; };
		6786243F20917F8500459FBE /* GameplaySceneClass.swift */ = {isa = PBXFileReference; lastKnownFileType = sourcecode.swift; path = GameplaySceneClass.swift; sourceTree = "<group>"; };
		67C5207520960A01007A9D77 /* DirectionsScene.sks */ = {isa = PBXFileReference; lastKnownFileType = file.sks; path = DirectionsScene.sks; sourceTree = "<group>"; };
		67C52077209680A0007A9D77 /* DirectionsFile.swift */ = {isa = PBXFileReference; lastKnownFileType = sourcecode.swift; path = DirectionsFile.swift; sourceTree = "<group>"; };
/* End PBXFileReference section */

/* Begin PBXFrameworksBuildPhase section */
		6786241820913BCB00459FBE /* Frameworks */ = {
			isa = PBXFrameworksBuildPhase;
			buildActionMask = 2147483647;
			files = (
			);
			runOnlyForDeploymentPostprocessing = 0;
		};
/* End PBXFrameworksBuildPhase section */

/* Begin PBXGroup section */
		3F49FADC209CC1B000AE6DD8 /* Sound */ = {
			isa = PBXGroup;
			children = (
				3F499A97209A1A75005651D2 /* Sound.wav */,
				3F49FADB209CC17E00AE6DD8 /* BackgroundMusic.mp3 */,
				3F49FAD5209CBE3000AE6DD8 /* SoundPlayer.swift */,
			);
			path = Sound;
			sourceTree = "<group>";
		};
		6786241220913BCB00459FBE = {
			isa = PBXGroup;
			children = (
				6786241D20913BCC00459FBE /* BreakerFinal */,
				6786241C20913BCC00459FBE /* Products */,
			);
			sourceTree = "<group>";
		};
		6786241C20913BCC00459FBE /* Products */ = {
			isa = PBXGroup;
			children = (
				6786241B20913BCC00459FBE /* BreakerFinal.app */,
			);
			name = Products;
			sourceTree = "<group>";
		};
		6786241D20913BCC00459FBE /* BreakerFinal */ = {
			isa = PBXGroup;
			children = (
				6786243920917D9400459FBE /* Classes */,
				6786241E20913BCC00459FBE /* AppDelegate.swift */,
				3F49FAD9209CC12500AE6DD8 /* BackgroundMusic.mp3 */,
				6786242220913BCC00459FBE /* Actions.sks */,
				6786242620913BCC00459FBE /* GameViewController.swift */,
				6786242820913BCC00459FBE /* Main.storyboard */,
				6786242B20913BCF00459FBE /* Assets.xcassets */,
				6786242D20913BCF00459FBE /* LaunchScreen.storyboard */,
				6786243020913BCF00459FBE /* Info.plist */,
			);
			path = BreakerFinal;
			sourceTree = "<group>";
		};
		6786243620913C9300459FBE /* New Group */ = {
			isa = PBXGroup;
			children = (
				6786243720917D7700459FBE /* MainMenu.sks */,
				6786243D20917F3100459FBE /* GameplayScene.sks */,
				67C5207520960A01007A9D77 /* DirectionsScene.sks */,
			);
			path = "New Group";
			sourceTree = "<group>";
		};
		6786243920917D9400459FBE /* Classes */ = {
			isa = PBXGroup;
			children = (
				3F49FADC209CC1B000AE6DD8 /* Sound */,
				6786243620913C9300459FBE /* New Group */,
				6786243A20917DD100459FBE /* ScenceClasses */,
			);
			path = Classes;
			sourceTree = "<group>";
		};
		6786243A20917DD100459FBE /* ScenceClasses */ = {
			isa = PBXGroup;
			children = (
				6786243B20917E1200459FBE /* MainMenuScene.swift */,
				67C52077209680A0007A9D77 /* DirectionsFile.swift */,
				6786243F20917F8500459FBE /* GameplaySceneClass.swift */,
			);
			path = ScenceClasses;
			sourceTree = "<group>";
		};
/* End PBXGroup section */

/* Begin PBXNativeTarget section */
		6786241A20913BCB00459FBE /* BreakerFinal */ = {
			isa = PBXNativeTarget;
			buildConfigurationList = 6786243320913BCF00459FBE /* Build configuration list for PBXNativeTarget "BreakerFinal" */;
			buildPhases = (
				6786241720913BCB00459FBE /* Sources */,
				6786241820913BCB00459FBE /* Frameworks */,
				6786241920913BCB00459FBE /* Resources */,
			);
			buildRules = (
			);
			dependencies = (
			);
			name = BreakerFinal;
			productName = BreakerFinal;
			productReference = 6786241B20913BCC00459FBE /* BreakerFinal.app */;
			productType = "com.apple.product-type.application";
		};
/* End PBXNativeTarget section */

/* Begin PBXProject section */
		6786241320913BCB00459FBE /* Project object */ = {
			isa = PBXProject;
			attributes = {
				LastSwiftUpdateCheck = 0930;
				LastUpgradeCheck = 0930;
				ORGANIZATIONNAME = "Victor Castaneda";
				TargetAttributes = {
					6786241A20913BCB00459FBE = {
						CreatedOnToolsVersion = 9.3;
					};
				};
			};
			buildConfigurationList = 6786241620913BCB00459FBE /* Build configuration list for PBXProject "BreakerFinal" */;
			compatibilityVersion = "Xcode 9.3";
			developmentRegion = en;
			hasScannedForEncodings = 0;
			knownRegions = (
				en,
				Base,
			);
			mainGroup = 6786241220913BCB00459FBE;
			productRefGroup = 6786241C20913BCC00459FBE /* Products */;
			projectDirPath = "";
			projectRoot = "";
			targets = (
				6786241A20913BCB00459FBE /* BreakerFinal */,
			);
		};
/* End PBXProject section */

/* Begin PBXResourcesBuildPhase section */
		6786241920913BCB00459FBE /* Resources */ = {
			isa = PBXResourcesBuildPhase;
			buildActionMask = 2147483647;
			files = (
				6786242A20913BCC00459FBE /* Main.storyboard in Resources */,
				6786242C20913BCF00459FBE /* Assets.xcassets in Resources */,
				6786242F20913BCF00459FBE /* LaunchScreen.storyboard in Resources */,
				6786243820917D7700459FBE /* MainMenu.sks in Resources */,
				6786243E20917F3100459FBE /* GameplayScene.sks in Resources */,
				3F49FADA209CC12500AE6DD8 /* BackgroundMusic.mp3 in Resources */,
				6786242320913BCC00459FBE /* Actions.sks in Resources */,
				3F499A98209A1A75005651D2 /* Sound.wav in Resources */,
				67C5207620960A01007A9D77 /* DirectionsScene.sks in Resources */,
			);
			runOnlyForDeploymentPostprocessing = 0;
		};
/* End PBXResourcesBuildPhase section */

/* Begin PBXSourcesBuildPhase section */
		6786241720913BCB00459FBE /* Sources */ = {
			isa = PBXSourcesBuildPhase;
			buildActionMask = 2147483647;
			files = (
				6786243C20917E1200459FBE /* MainMenuScene.swift in Sources */,
				6786242720913BCC00459FBE /* GameViewController.swift in Sources */,
				6786241F20913BCC00459FBE /* AppDelegate.swift in Sources */,
				67C52078209680A0007A9D77 /* DirectionsFile.swift in Sources */,
				3F49FAD6209CBE3000AE6DD8 /* SoundPlayer.swift in Sources */,
				6786244020917F8500459FBE /* GameplaySceneClass.swift in Sources */,
			);
			runOnlyForDeploymentPostprocessing = 0;
		};
/* End PBXSourcesBuildPhase section */

/* Begin PBXVariantGroup section */
		6786242820913BCC00459FBE /* Main.storyboard */ = {
			isa = PBXVariantGroup;
			children = (
				6786242920913BCC00459FBE /* Base */,
			);
			name = Main.storyboard;
			sourceTree = "<group>";
		};
		6786242D20913BCF00459FBE /* LaunchScreen.storyboard */ = {
			isa = PBXVariantGroup;
			children = (
				6786242E20913BCF00459FBE /* Base */,
			);
			name = LaunchScreen.storyboard;
			sourceTree = "<group>";
		};
/* End PBXVariantGroup section */

/* Begin XCBuildConfiguration section */
		6786243120913BCF00459FBE /* Debug */ = {
			isa = XCBuildConfiguration;
			buildSettings = {
				ALWAYS_SEARCH_USER_PATHS = NO;
				CLANG_ANALYZER_NONNULL = YES;
				CLANG_ANALYZER_NUMBER_OBJECT_CONVERSION = YES_AGGRESSIVE;
				CLANG_CXX_LANGUAGE_STANDARD = "gnu++14";
				CLANG_CXX_LIBRARY = "libc++";
				CLANG_ENABLE_MODULES = YES;
				CLANG_ENABLE_OBJC_ARC = YES;
				CLANG_ENABLE_OBJC_WEAK = YES;
				CLANG_WARN_BLOCK_CAPTURE_AUTORELEASING = YES;
				CLANG_WARN_BOOL_CONVERSION = YES;
				CLANG_WARN_COMMA = YES;
				CLANG_WARN_CONSTANT_CONVERSION = YES;
				CLANG_WARN_DEPRECATED_OBJC_IMPLEMENTATIONS = YES;
				CLANG_WARN_DIRECT_OBJC_ISA_USAGE = YES_ERROR;
				CLANG_WARN_DOCUMENTATION_COMMENTS = YES;
				CLANG_WARN_EMPTY_BODY = YES;
				CLANG_WARN_ENUM_CONVERSION = YES;
				CLANG_WARN_INFINITE_RECURSION = YES;
				CLANG_WARN_INT_CONVERSION = YES;
				CLANG_WARN_NON_LITERAL_NULL_CONVERSION = YES;
				CLANG_WARN_OBJC_IMPLICIT_RETAIN_SELF = YES;
				CLANG_WARN_OBJC_LITERAL_CONVERSION = YES;
				CLANG_WARN_OBJC_ROOT_CLASS = YES_ERROR;
				CLANG_WARN_RANGE_LOOP_ANALYSIS = YES;
				CLANG_WARN_STRICT_PROTOTYPES = YES;
				CLANG_WARN_SUSPICIOUS_MOVE = YES;
				CLANG_WARN_UNGUARDED_AVAILABILITY = YES_AGGRESSIVE;
				CLANG_WARN_UNREACHABLE_CODE = YES;
				CLANG_WARN__DUPLICATE_METHOD_MATCH = YES;
				CODE_SIGN_IDENTITY = "iPhone Developer";
				COPY_PHASE_STRIP = NO;
				DEBUG_INFORMATION_FORMAT = dwarf;
				ENABLE_STRICT_OBJC_MSGSEND = YES;
				ENABLE_TESTABILITY = YES;
				GCC_C_LANGUAGE_STANDARD = gnu11;
				GCC_DYNAMIC_NO_PIC = NO;
				GCC_NO_COMMON_BLOCKS = YES;
				GCC_OPTIMIZATION_LEVEL = 0;
				GCC_PREPROCESSOR_DEFINITIONS = (
					"DEBUG=1",
					"$(inherited)",
				);
				GCC_WARN_64_TO_32_BIT_CONVERSION = YES;
				GCC_WARN_ABOUT_RETURN_TYPE = YES_ERROR;
				GCC_WARN_UNDECLARED_SELECTOR = YES;
				GCC_WARN_UNINITIALIZED_AUTOS = YES_AGGRESSIVE;
				GCC_WARN_UNUSED_FUNCTION = YES;
				GCC_WARN_UNUSED_VARIABLE = YES;
				IPHONEOS_DEPLOYMENT_TARGET = 11.3;
				MTL_ENABLE_DEBUG_INFO = YES;
				ONLY_ACTIVE_ARCH = YES;
				SDKROOT = iphoneos;
				SWIFT_ACTIVE_COMPILATION_CONDITIONS = DEBUG;
				SWIFT_OPTIMIZATION_LEVEL = "-Onone";
			};
			name = Debug;
		};
		6786243220913BCF00459FBE /* Release */ = {
			isa = XCBuildConfiguration;
			buildSettings = {
				ALWAYS_SEARCH_USER_PATHS = NO;
				CLANG_ANALYZER_NONNULL = YES;
				CLANG_ANALYZER_NUMBER_OBJECT_CONVERSION = YES_AGGRESSIVE;
				CLANG_CXX_LANGUAGE_STANDARD = "gnu++14";
				CLANG_CXX_LIBRARY = "libc++";
				CLANG_ENABLE_MODULES = YES;
				CLANG_ENABLE_OBJC_ARC = YES;
				CLANG_ENABLE_OBJC_WEAK = YES;
				CLANG_WARN_BLOCK_CAPTURE_AUTORELEASING = YES;
				CLANG_WARN_BOOL_CONVERSION = YES;
				CLANG_WARN_COMMA = YES;
				CLANG_WARN_CONSTANT_CONVERSION = YES;
				CLANG_WARN_DEPRECATED_OBJC_IMPLEMENTATIONS = YES;
				CLANG_WARN_DIRECT_OBJC_ISA_USAGE = YES_ERROR;
				CLANG_WARN_DOCUMENTATION_COMMENTS = YES;
				CLANG_WARN_EMPTY_BODY = YES;
				CLANG_WARN_ENUM_CONVERSION = YES;
				CLANG_WARN_INFINITE_RECURSION = YES;
				CLANG_WARN_INT_CONVERSION = YES;
				CLANG_WARN_NON_LITERAL_NULL_CONVERSION = YES;
				CLANG_WARN_OBJC_IMPLICIT_RETAIN_SELF = YES;
				CLANG_WARN_OBJC_LITERAL_CONVERSION = YES;
				CLANG_WARN_OBJC_ROOT_CLASS = YES_ERROR;
				CLANG_WARN_RANGE_LOOP_ANALYSIS = YES;
				CLANG_WARN_STRICT_PROTOTYPES = YES;
				CLANG_WARN_SUSPICIOUS_MOVE = YES;
				CLANG_WARN_UNGUARDED_AVAILABILITY = YES_AGGRESSIVE;
				CLANG_WARN_UNREACHABLE_CODE = YES;
				CLANG_WARN__DUPLICATE_METHOD_MATCH = YES;
				CODE_SIGN_IDENTITY = "iPhone Developer";
				COPY_PHASE_STRIP = NO;
				DEBUG_INFORMATION_FORMAT = "dwarf-with-dsym";
				ENABLE_NS_ASSERTIONS = NO;
				ENABLE_STRICT_OBJC_MSGSEND = YES;
				GCC_C_LANGUAGE_STANDARD = gnu11;
				GCC_NO_COMMON_BLOCKS = YES;
				GCC_WARN_64_TO_32_BIT_CONVERSION = YES;
				GCC_WARN_ABOUT_RETURN_TYPE = YES_ERROR;
				GCC_WARN_UNDECLARED_SELECTOR = YES;
				GCC_WARN_UNINITIALIZED_AUTOS = YES_AGGRESSIVE;
				GCC_WARN_UNUSED_FUNCTION = YES;
				GCC_WARN_UNUSED_VARIABLE = YES;
				IPHONEOS_DEPLOYMENT_TARGET = 11.3;
				MTL_ENABLE_DEBUG_INFO = NO;
				SDKROOT = iphoneos;
				SWIFT_COMPILATION_MODE = wholemodule;
				SWIFT_OPTIMIZATION_LEVEL = "-O";
				VALIDATE_PRODUCT = YES;
			};
			name = Release;
		};
		6786243420913BCF00459FBE /* Debug */ = {
			isa = XCBuildConfiguration;
			buildSettings = {
				ASSETCATALOG_COMPILER_APPICON_NAME = AppIcon;
				CODE_SIGN_STYLE = Automatic;
				INFOPLIST_FILE = BreakerFinal/Info.plist;
				LD_RUNPATH_SEARCH_PATHS = (
					"$(inherited)",
					"@executable_path/Frameworks",
				);
				PRODUCT_BUNDLE_IDENTIFIER = VC.BreakerFinal;
				PRODUCT_NAME = "$(TARGET_NAME)";
				SWIFT_VERSION = 4.0;
				TARGETED_DEVICE_FAMILY = "1,2";
			};
			name = Debug;
		};
		6786243520913BCF00459FBE /* Release */ = {
			isa = XCBuildConfiguration;
			buildSettings = {
				ASSETCATALOG_COMPILER_APPICON_NAME = AppIcon;
				CODE_SIGN_STYLE = Automatic;
				INFOPLIST_FILE = BreakerFinal/Info.plist;
				LD_RUNPATH_SEARCH_PATHS = (
					"$(inherited)",
					"@executable_path/Frameworks",
				);
				PRODUCT_BUNDLE_IDENTIFIER = VC.BreakerFinal;
				PRODUCT_NAME = "$(TARGET_NAME)";
				SWIFT_VERSION = 4.0;
				TARGETED_DEVICE_FAMILY = "1,2";
			};
			name = Release;
		};
/* End XCBuildConfiguration section */

/* Begin XCConfigurationList section */
		6786241620913BCB00459FBE /* Build configuration list for PBXProject "BreakerFinal" */ = {
			isa = XCConfigurationList;
			buildConfigurations = (
				6786243120913BCF00459FBE /* Debug */,
				6786243220913BCF00459FBE /* Release */,
			);
			defaultConfigurationIsVisible = 0;
			defaultConfigurationName = Release;
		};
		6786243320913BCF00459FBE /* Build configuration list for PBXNativeTarget "BreakerFinal" */ = {
			isa = XCConfigurationList;
			buildConfigurations = (
				6786243420913BCF00459FBE /* Debug */,
				6786243520913BCF00459FBE /* Release */,
			);
			defaultConfigurationIsVisible = 0;
			defaultConfigurationName = Release;
		};
/* End XCConfigurationList section */
	};
	rootObject = 6786241320913BCB00459FBE /* Project object */;
}
